# This file was autogenerated by uv via the following command:
#    uv pip compile pyproject.toml --python-version 3.12 -o requirements.lock
alembic==1.20.0
    # via sports-edge (pyproject.toml)
annotated-types==0.8.0
    # via pydantic
anyio==4.15.1
    # via httpx
certifi==2026.7.22
    # via
    #   httpcore
    #   httpx
h11==0.16.0
    # via httpcore
httpcore==1.0.9
    # via httpx
httpx==0.28.1
    # via sports-edge (pyproject.toml)
idna==3.20
    # via
    #   anyio
    #   httpx
mako==1.4.3
    # via alembic
markupsafe==3.0.4
    # via mako
numpy==2.5.3
    # via sports-edge (pyproject.toml)
psycopg==3.3.6
    # via sports-edge (pyproject.toml)
psycopg-binary==3.3.6
    # via psycopg
pydantic==2.13.5
    # via
    #   sports-edge (pyproject.toml)
    #   pydantic-settings
pydantic-core==2.46.5
    # via pydantic
pydantic-settings==2.15.0
    # via sports-edge (pyproject.toml)
python-dotenv==1.2.4
    # via pydantic-settings
pyyaml==6.0.3
    # via sports-edge (pyproject.toml)
sqlalchemy==2.1.3
    # via
    #   sports-edge (pyproject.toml)
    #   alembic
typing-extensions==4.16.0
    # via
    #   alembic
    #   anyio
    #   psycopg
    #   pydantic
    #   pydantic-core
    #   sqlalchemy
    #   typing-inspection
typing-inspection==0.4.4
    # via
    #   pydantic
    #   pydantic-settings
